# THIS IS AN AUTOGENERATED FILE. DO NOT EDIT THIS FILE DIRECTLY.
# yarn lockfile v1


react-grpc@^0.1.0:
  version "0.1.0"
  resolved "https://registry.yarnpkg.com/react-grpc/-/react-grpc-0.1.0.tgz#c7d6016a7e11232bf5bdf9ed3cf5198623931679"
  integrity sha512-4my2ePT752QqTgVysfrW+D6I/Z3A56FzB1CD3Xgz+z+t0mpIHTBYgQ5qYLJZBHhkx12zKCG03GBhq2847ikp4w==
